Microsoft Visual Studio Solution File, Format Version 7.00
Project("{FAE04EC0-301F-11D3-BF4B-00C04F79EFBC}") = "OTFontFileVal", "OTFontFileVal.csproj", "{07FCF988-3D68-4AC6-A7FA-A6F2FC1F9F95}"
EndProject
Project("{8BC9CEB8-8B4A-11D0-8D11-00A0C91BC942}") = "truetype", "..\TrueType.NET\truetype.vcproj", "{98F2B357-EC05-49AB-A18D-A83C4E7E7C02}"
EndProject
Project("{FAE04EC0-301F-11D3-BF4B-00C04F79EFBC}") = "ValCommon", "..\ValCommon\ValCommon.csproj", "{B6ACE917-C661-4ACC-8A1E-C96F51E80F2C}"
EndProject
Project("{FAE04EC0-301F-11D3-BF4B-00C04F79EFBC}") = "OTFontFile", "..\OTFontFile\OTFontFile.csproj", "{2E80C9CA-7EA9-4855-A924-1EDF63728DF4}"
EndProject
Project("{FAE04EC0-301F-11D3-BF4B-00C04F79EFBC}") = "Glyph", "..\Glyph\Glyph.csproj", "{6101D069-2BF6-4B8E-8C5A-25B5EC8BB344}"
EndProject
Project("{FAE04EC0-301F-11D3-BF4B-00C04F79EFBC}") = "GMath", "..\GMath\GMath.csproj", "{0C946E0C-56F4-4C55-AC86-D97993574824}"
EndProject
Project("{8BC9CEB8-8B4A-11D0-8D11-00A0C91BC942}") = "WinVerifyTrustAPI", "..\WinVerifyTrustAPI\WinVerifyTrustAPI.vcproj", "{B384DC18-5B8A-471A-B552-BD04B1846739}"
EndProject
Project("{8BC9CEB8-8B4A-11D0-8D11-00A0C91BC942}") = "Win32APIs", "..\Win32APIs\Win32APIs.vcproj", "{C07B6B2C-11B2-401C-B187-26A7387478A9}"
EndProject
Global
	GlobalSection(SolutionConfiguration) = preSolution
		ConfigName.0 = Debug
		ConfigName.1 = Release
	EndGlobalSection
	GlobalSection(ProjectDependencies) = postSolution
		{07FCF988-3D68-4AC6-A7FA-A6F2FC1F9F95}.0 = {98F2B357-EC05-49AB-A18D-A83C4E7E7C02}
		{07FCF988-3D68-4AC6-A7FA-A6F2FC1F9F95}.1 = {B6ACE917-C661-4ACC-8A1E-C96F51E80F2C}
		{07FCF988-3D68-4AC6-A7FA-A6F2FC1F9F95}.2 = {2E80C9CA-7EA9-4855-A924-1EDF63728DF4}
		{07FCF988-3D68-4AC6-A7FA-A6F2FC1F9F95}.3 = {2E80C9CA-7EA9-4855-A924-1EDF63728DF4}
		{07FCF988-3D68-4AC6-A7FA-A6F2FC1F9F95}.4 = {B6ACE917-C661-4ACC-8A1E-C96F51E80F2C}
		{07FCF988-3D68-4AC6-A7FA-A6F2FC1F9F95}.5 = {98F2B357-EC05-49AB-A18D-A83C4E7E7C02}
		{6101D069-2BF6-4B8E-8C5A-25B5EC8BB344}.0 = {0C946E0C-56F4-4C55-AC86-D97993574824}
		{6101D069-2BF6-4B8E-8C5A-25B5EC8BB344}.1 = {2E80C9CA-7EA9-4855-A924-1EDF63728DF4}
		{6101D069-2BF6-4B8E-8C5A-25B5EC8BB344}.2 = {0C946E0C-56F4-4C55-AC86-D97993574824}
		{0C946E0C-56F4-4C55-AC86-D97993574824}.0 = {2E80C9CA-7EA9-4855-A924-1EDF63728DF4}
	EndGlobalSection
	GlobalSection(ProjectConfiguration) = postSolution
		{07FCF988-3D68-4AC6-A7FA-A6F2FC1F9F95}.Debug.ActiveCfg = Debug|.NET
		{07FCF988-3D68-4AC6-A7FA-A6F2FC1F9F95}.Debug.Build.0 = Debug|.NET
		{07FCF988-3D68-4AC6-A7FA-A6F2FC1F9F95}.Release.ActiveCfg = Release|.NET
		{07FCF988-3D68-4AC6-A7FA-A6F2FC1F9F95}.Release.Build.0 = Release|.NET
		{98F2B357-EC05-49AB-A18D-A83C4E7E7C02}.Debug.ActiveCfg = Debug|Win32
		{98F2B357-EC05-49AB-A18D-A83C4E7E7C02}.Debug.Build.0 = Debug|Win32
		{98F2B357-EC05-49AB-A18D-A83C4E7E7C02}.Release.ActiveCfg = Release|Win32
		{98F2B357-EC05-49AB-A18D-A83C4E7E7C02}.Release.Build.0 = Release|Win32
		{B6ACE917-C661-4ACC-8A1E-C96F51E80F2C}.Debug.ActiveCfg = Debug|.NET
		{B6ACE917-C661-4ACC-8A1E-C96F51E80F2C}.Debug.Build.0 = Debug|.NET
		{B6ACE917-C661-4ACC-8A1E-C96F51E80F2C}.Release.ActiveCfg = Release|.NET
		{B6ACE917-C661-4ACC-8A1E-C96F51E80F2C}.Release.Build.0 = Release|.NET
		{2E80C9CA-7EA9-4855-A924-1EDF63728DF4}.Debug.ActiveCfg = Debug|.NET
		{2E80C9CA-7EA9-4855-A924-1EDF63728DF4}.Debug.Build.0 = Debug|.NET
		{2E80C9CA-7EA9-4855-A924-1EDF63728DF4}.Release.ActiveCfg = Release|.NET
		{2E80C9CA-7EA9-4855-A924-1EDF63728DF4}.Release.Build.0 = Release|.NET
		{6101D069-2BF6-4B8E-8C5A-25B5EC8BB344}.Debug.ActiveCfg = Debug|.NET
		{6101D069-2BF6-4B8E-8C5A-25B5EC8BB344}.Debug.Build.0 = Debug|.NET
		{6101D069-2BF6-4B8E-8C5A-25B5EC8BB344}.Release.ActiveCfg = Release|.NET
		{6101D069-2BF6-4B8E-8C5A-25B5EC8BB344}.Release.Build.0 = Release|.NET
		{0C946E0C-56F4-4C55-AC86-D97993574824}.Debug.ActiveCfg = Debug|.NET
		{0C946E0C-56F4-4C55-AC86-D97993574824}.Debug.Build.0 = Debug|.NET
		{0C946E0C-56F4-4C55-AC86-D97993574824}.Release.ActiveCfg = Release|.NET
		{0C946E0C-56F4-4C55-AC86-D97993574824}.Release.Build.0 = Release|.NET
		{B384DC18-5B8A-471A-B552-BD04B1846739}.Debug.ActiveCfg = Debug|Win32
		{B384DC18-5B8A-471A-B552-BD04B1846739}.Debug.Build.0 = Debug|Win32
		{B384DC18-5B8A-471A-B552-BD04B1846739}.Release.ActiveCfg = Release|Win32
		{B384DC18-5B8A-471A-B552-BD04B1846739}.Release.Build.0 = Release|Win32
		{C07B6B2C-11B2-401C-B187-26A7387478A9}.Debug.ActiveCfg = Debug|Win32
		{C07B6B2C-11B2-401C-B187-26A7387478A9}.Debug.Build.0 = Debug|Win32
		{C07B6B2C-11B2-401C-B187-26A7387478A9}.Release.ActiveCfg = Release|Win32
		{C07B6B2C-11B2-401C-B187-26A7387478A9}.Release.Build.0 = Release|Win32
	EndGlobalSection
	GlobalSection(ExtensibilityGlobals) = postSolution
	EndGlobalSection
	GlobalSection(ExtensibilityAddIns) = postSolution
	EndGlobalSection
EndGlobal
